dependencies:
- name: postgresql
  repository: https://kubernetes-charts.storage.googleapis.com/
  version: 7.0.2
- name: redis
  repository: https://kubernetes-charts.storage.googleapis.com/
  version: 9.5.3
digest: sha256:0294cc8c6231a183f6123220aa7dced0aa05418e4923bd302eb5801223d4c4ad
generated: "2019-11-12T13:51:26.067316+05:30"
