dependencies:
- name: postgresql
  repository: https://kubernetes-charts.storage.googleapis.com/
  version: 6.3.9
- name: redis
  repository: https://kubernetes-charts.storage.googleapis.com/
  version: 3.7.7
digest: sha256:84be718e9424cfbd29abc28ffd94a4612128aa8146559c17ce6dc813343654ce
generated: "2019-09-30T11:49:03.752577+07:00"
